
Microsoft Visual Studio Solution File, Format Version 12.00
# Visual Studio 15
VisualStudioVersion = 15.0.27703.2000
MinimumVisualStudioVersion = 10.0.40219.1
Project("{FAE04EC0-301F-11D3-BF4B-00C04F79EFBC}") = "TareaSql", "TareaSql\TareaSql.csproj", "{FDF4D1E7-3E3E-4A95-9750-94E7346E858F}"
EndProject
Global
	GlobalSection(SolutionConfigurationPlatforms) = preSolution
		Debug|Any CPU = Debug|Any CPU
		Release|Any CPU = Release|Any CPU
	EndGlobalSection
	GlobalSection(ProjectConfigurationPlatforms) = postSolution
		{FDF4D1E7-3E3E-4A95-9750-94E7346E858F}.Debug|Any CPU.ActiveCfg = Debug|Any CPU
		{FDF4D1E7-3E3E-4A95-9750-94E7346E858F}.Debug|Any CPU.Build.0 = Debug|Any CPU
		{FDF4D1E7-3E3E-4A95-9750-94E7346E858F}.Release|Any CPU.ActiveCfg = Release|Any CPU
		{FDF4D1E7-3E3E-4A95-9750-94E7346E858F}.Release|Any CPU.Build.0 = Release|Any CPU
	EndGlobalSection
	GlobalSection(SolutionProperties) = preSolution
		HideSolutionNode = FALSE
	EndGlobalSection
	GlobalSection(ExtensibilityGlobals) = postSolution
		SolutionGuid = {FC47B216-C7AD-466E-BC24-35BCBA6AAD28}
	EndGlobalSection
EndGlobal
